// !$*UTF8*$!
{
	archiveVersion = 1;
	classes = {
	};
	objectVersion = 46;
	objects = {

/* Begin PBXBuildFile section */
		F83F85651B37A98D004910AC /* AppDelegate.swift in Sources */ = {isa = PBXBuildFile; fileRef = F83F85641B37A98D004910AC /* AppDelegate.swift */; };
		F83F85671B37A98D004910AC /* ViewController.swift in Sources */ = {isa = PBXBuildFile; fileRef = F83F85661B37A98D004910AC /* ViewController.swift */; };
		F83F856A1B37A98D004910AC /* Main.storyboard in Resources */ = {isa = PBXBuildFile; fileRef = F83F85681B37A98D004910AC /* Main.storyboard */; };
		F83F856C1B37A98D004910AC /* Images.xcassets in Resources */ = {isa = PBXBuildFile; fileRef = F83F856B1B37A98D004910AC /* Images.xcassets */; };
		F83F856F1B37A98D004910AC /* LaunchScreen.xib in Resources */ = {isa = PBXBuildFile; fileRef = F83F856D1B37A98D004910AC /* LaunchScreen.xib */; };
		F83F857B1B37A98D004910AC /* SampleTwitterTransitionTests.swift in Sources */ = {isa = PBXBuildFile; fileRef = F83F857A1B37A98D004910AC /* SampleTwitterTransitionTests.swift */; };
		F83F85851B37AC41004910AC /* ModalViewController.swift in Sources */ = {isa = PBXBuildFile; fileRef = F83F85841B37AC41004910AC /* ModalViewController.swift */; };
		F83F85881B37AE86004910AC /* ModalTransition.swift in Sources */ = {isa = PBXBuildFile; fileRef = F83F85871B37AE86004910AC /* ModalTransition.swift */; };
/* End PBXBuildFile section */

/* Begin PBXContainerItemProxy section */
		F83F85751B37A98D004910AC /* PBXContainerItemProxy */ = {
			isa = PBXContainerItemProxy;
			containerPortal = F83F85571B37A98D004910AC /* Project object */;
			proxyType = 1;
			remoteGlobalIDString = F83F855E1B37A98D004910AC;
			remoteInfo = SampleTwitterTransition;
		};
/* End PBXContainerItemProxy section */

/* Begin PBXFileReference section */
		F83F855F1B37A98D004910AC /* SampleTwitterTransition.app */ = {isa = PBXFileReference; explicitFileType = wrapper.application; includeInIndex = 0; path = SampleTwitterTransition.app; sourceTree = BUILT_PRODUCTS_DIR; };
		F83F85631B37A98D004910AC /* Info.plist */ = {isa = PBXFileReference; lastKnownFileType = text.plist.xml; path = Info.plist; sourceTree = "<group>"; };
		F83F85641B37A98D004910AC /* AppDelegate.swift */ = {isa = PBXFileReference; lastKnownFileType = sourcecode.swift; path = AppDelegate.swift; sourceTree = "<group>"; };
		F83F85661B37A98D004910AC /* ViewController.swift */ = {isa = PBXFileReference; lastKnownFileType = sourcecode.swift; path = ViewController.swift; sourceTree = "<group>"; };
		F83F85691B37A98D004910AC /* Base */ = {isa = PBXFileReference; lastKnownFileType = file.storyboard; name = Base; path = Base.lproj/Main.storyboard; sourceTree = "<group>"; };
		F83F856B1B37A98D004910AC /* Images.xcassets */ = {isa = PBXFileReference; lastKnownFileType = folder.assetcatalog; path = Images.xcassets; sourceTree = "<group>"; };
		F83F856E1B37A98D004910AC /* Base */ = {isa = PBXFileReference; lastKnownFileType = file.xib; name = Base; path = Base.lproj/LaunchScreen.xib; sourceTree = "<group>"; };
		F83F85741B37A98D004910AC /* SampleTwitterTransitionTests.xctest */ = {isa = PBXFileReference; explicitFileType = wrapper.cfbundle; includeInIndex = 0; path = SampleTwitterTransitionTests.xctest; sourceTree = BUILT_PRODUCTS_DIR; };
		F83F85791B37A98D004910AC /* Info.plist */ = {isa = PBXFileReference; lastKnownFileType = text.plist.xml; path = Info.plist; sourceTree = "<group>"; };
		F83F857A1B37A98D004910AC /* SampleTwitterTransitionTests.swift */ = {isa = PBXFileReference; lastKnownFileType = sourcecode.swift; path = SampleTwitterTransitionTests.swift; sourceTree = "<group>"; };
		F83F85841B37AC41004910AC /* ModalViewController.swift */ = {isa = PBXFileReference; fileEncoding = 4; lastKnownFileType = sourcecode.swift; path = ModalViewController.swift; sourceTree = "<group>"; };
		F83F85871B37AE86004910AC /* ModalTransition.swift */ = {isa = PBXFileReference; fileEncoding = 4; lastKnownFileType = sourcecode.swift; path = ModalTransition.swift; sourceTree = "<group>"; };
/* End PBXFileReference section */

/* Begin PBXFrameworksBuildPhase section */
		F83F855C1B37A98D004910AC /* Frameworks */ = {
			isa = PBXFrameworksBuildPhase;
			buildActionMask = 2147483647;
			files = (
			);
			runOnlyForDeploymentPostprocessing = 0;
		};
		F83F85711B37A98D004910AC /* Frameworks */ = {
			isa = PBXFrameworksBuildPhase;
			buildActionMask = 2147483647;
			files = (
			);
			runOnlyForDeploymentPostprocessing = 0;
		};
/* End PBXFrameworksBuildPhase section */

/* Begin PBXGroup section */
		F83F85561B37A98D004910AC = {
			isa = PBXGroup;
			children = (
				F83F85611B37A98D004910AC /* SampleTwitterTransition */,
				F83F85771B37A98D004910AC /* SampleTwitterTransitionTests */,
				F83F85601B37A98D004910AC /* Products */,
			);
			sourceTree = "<group>";
		};
		F83F85601B37A98D004910AC /* Products */ = {
			isa = PBXGroup;
			children = (
				F83F855F1B37A98D004910AC /* SampleTwitterTransition.app */,
				F83F85741B37A98D004910AC /* SampleTwitterTransitionTests.xctest */,
			);
			name = Products;
			sourceTree = "<group>";
		};
		F83F85611B37A98D004910AC /* SampleTwitterTransition */ = {
			isa = PBXGroup;
			children = (
				F83F85861B37AE41004910AC /* Transition */,
				F83F85641B37A98D004910AC /* AppDelegate.swift */,
				F83F85661B37A98D004910AC /* ViewController.swift */,
				F83F85681B37A98D004910AC /* Main.storyboard */,
				F83F856B1B37A98D004910AC /* Images.xcassets */,
				F83F856D1B37A98D004910AC /* LaunchScreen.xib */,
				F83F85621B37A98D004910AC /* Supporting Files */,
				F83F85841B37AC41004910AC /* ModalViewController.swift */,
			);
			path = SampleTwitterTransition;
			sourceTree = "<group>";
		};
		F83F85621B37A98D004910AC /* Supporting Files */ = {
			isa = PBXGroup;
			children = (
				F83F85631B37A98D004910AC /* Info.plist */,
			);
			name = "Supporting Files";
			sourceTree = "<group>";
		};
		F83F85771B37A98D004910AC /* SampleTwitterTransitionTests */ = {
			isa = PBXGroup;
			children = (
				F83F857A1B37A98D004910AC /* SampleTwitterTransitionTests.swift */,
				F83F85781B37A98D004910AC /* Supporting Files */,
			);
			path = SampleTwitterTransitionTests;
			sourceTree = "<group>";
		};
		F83F85781B37A98D004910AC /* Supporting Files */ = {
			isa = PBXGroup;
			children = (
				F83F85791B37A98D004910AC /* Info.plist */,
			);
			name = "Supporting Files";
			sourceTree = "<group>";
		};
		F83F85861B37AE41004910AC /* Transition */ = {
			isa = PBXGroup;
			children = (
				F83F85871B37AE86004910AC /* ModalTransition.swift */,
			);
			name = Transition;
			path = ../Transition;
			sourceTree = "<group>";
		};
/* End PBXGroup section */

/* Begin PBXNativeTarget section */
		F83F855E1B37A98D004910AC /* SampleTwitterTransition */ = {
			isa = PBXNativeTarget;
			buildConfigurationList = F83F857E1B37A98D004910AC /* Build configuration list for PBXNativeTarget "SampleTwitterTransition" */;
			buildPhases = (
				F83F855B1B37A98D004910AC /* Sources */,
				F83F855C1B37A98D004910AC /* Frameworks */,
				F83F855D1B37A98D004910AC /* Resources */,
			);
			buildRules = (
			);
			dependencies = (
			);
			name = SampleTwitterTransition;
			productName = SampleTwitterTransition;
			productReference = F83F855F1B37A98D004910AC /* SampleTwitterTransition.app */;
			productType = "com.apple.product-type.application";
		};
		F83F85731B37A98D004910AC /* SampleTwitterTransitionTests */ = {
			isa = PBXNativeTarget;
			buildConfigurationList = F83F85811B37A98D004910AC /* Build configuration list for PBXNativeTarget "SampleTwitterTransitionTests" */;
			buildPhases = (
				F83F85701B37A98D004910AC /* Sources */,
				F83F85711B37A98D004910AC /* Frameworks */,
				F83F85721B37A98D004910AC /* Resources */,
			);
			buildRules = (
			);
			dependencies = (
				F83F85761B37A98D004910AC /* PBXTargetDependency */,
			);
			name = SampleTwitterTransitionTests;
			productName = SampleTwitterTransitionTests;
			productReference = F83F85741B37A98D004910AC /* SampleTwitterTransitionTests.xctest */;
			productType = "com.apple.product-type.bundle.unit-test";
		};
/* End PBXNativeTarget section */

/* Begin PBXProject section */
		F83F85571B37A98D004910AC /* Project object */ = {
			isa = PBXProject;
			attributes = {
				LastUpgradeCheck = 0630;
				ORGANIZATIONNAME = RyoKosuge;
				TargetAttributes = {
					F83F855E1B37A98D004910AC = {
						CreatedOnToolsVersion = 6.3.2;
					};
					F83F85731B37A98D004910AC = {
						CreatedOnToolsVersion = 6.3.2;
						TestTargetID = F83F855E1B37A98D004910AC;
					};
				};
			};
			buildConfigurationList = F83F855A1B37A98D004910AC /* Build configuration list for PBXProject "SampleTwitterTransition" */;
			compatibilityVersion = "Xcode 3.2";
			developmentRegion = English;
			hasScannedForEncodings = 0;
			knownRegions = (
				en,
				Base,
			);
			mainGroup = F83F85561B37A98D004910AC;
			productRefGroup = F83F85601B37A98D004910AC /* Products */;
			projectDirPath = "";
			projectRoot = "";
			targets = (
				F83F855E1B37A98D004910AC /* SampleTwitterTransition */,
				F83F85731B37A98D004910AC /* SampleTwitterTransitionTests */,
			);
		};
/* End PBXProject section */

/* Begin PBXResourcesBuildPhase section */
		F83F855D1B37A98D004910AC /* Resources */ = {
			isa = PBXResourcesBuildPhase;
			buildActionMask = 2147483647;
			files = (
				F83F856A1B37A98D004910AC /* Main.storyboard in Resources */,
				F83F856F1B37A98D004910AC /* LaunchScreen.xib in Resources */,
				F83F856C1B37A98D004910AC /* Images.xcassets in Resources */,
			);
			runOnlyForDeploymentPostprocessing = 0;
		};
		F83F85721B37A98D004910AC /* Resources */ = {
			isa = PBXResourcesBuildPhase;
			buildActionMask = 2147483647;
			files = (
			);
			runOnlyForDeploymentPostprocessing = 0;
		};
/* End PBXResourcesBuildPhase section */

/* Begin PBXSourcesBuildPhase section */
		F83F855B1B37A98D004910AC /* Sources */ = {
			isa = PBXSourcesBuildPhase;
			buildActionMask = 2147483647;
			files = (
				F83F85881B37AE86004910AC /* ModalTransition.swift in Sources */,
				F83F85671B37A98D004910AC /* ViewController.swift in Sources */,
				F83F85851B37AC41004910AC /* ModalViewController.swift in Sources */,
				F83F85651B37A98D004910AC /* AppDelegate.swift in Sources */,
			);
			runOnlyForDeploymentPostprocessing = 0;
		};
		F83F85701B37A98D004910AC /* Sources */ = {
			isa = PBXSourcesBuildPhase;
			buildActionMask = 2147483647;
			files = (
				F83F857B1B37A98D004910AC /* SampleTwitterTransitionTests.swift in Sources */,
			);
			runOnlyForDeploymentPostprocessing = 0;
		};
/* End PBXSourcesBuildPhase section */

/* Begin PBXTargetDependency section */
		F83F85761B37A98D004910AC /* PBXTargetDependency */ = {
			isa = PBXTargetDependency;
			target = F83F855E1B37A98D004910AC /* SampleTwitterTransition */;
			targetProxy = F83F85751B37A98D004910AC /* PBXContainerItemProxy */;
		};
/* End PBXTargetDependency section */

/* Begin PBXVariantGroup section */
		F83F85681B37A98D004910AC /* Main.storyboard */ = {
			isa = PBXVariantGroup;
			children = (
				F83F85691B37A98D004910AC /* Base */,
			);
			name = Main.storyboard;
			sourceTree = "<group>";
		};
		F83F856D1B37A98D004910AC /* LaunchScreen.xib */ = {
			isa = PBXVariantGroup;
			children = (
				F83F856E1B37A98D004910AC /* Base */,
			);
			name = LaunchScreen.xib;
			sourceTree = "<group>";
		};
/* End PBXVariantGroup section */

/* Begin XCBuildConfiguration section */
		F83F857C1B37A98D004910AC /* Debug */ = {
			isa = XCBuildConfiguration;
			buildSettings = {
				ALWAYS_SEARCH_USER_PATHS = NO;
				CLANG_CXX_LANGUAGE_STANDARD = "gnu++0x";
				CLANG_CXX_LIBRARY = "libc++";
				CLANG_ENABLE_MODULES = YES;
				CLANG_ENABLE_OBJC_ARC = YES;
				CLANG_WARN_BOOL_CONVERSION = YES;
				CLANG_WARN_CONSTANT_CONVERSION = YES;
				CLANG_WARN_DIRECT_OBJC_ISA_USAGE = YES_ERROR;
				CLANG_WARN_EMPTY_BODY = YES;
				CLANG_WARN_ENUM_CONVERSION = YES;
				CLANG_WARN_INT_CONVERSION = YES;
				CLANG_WARN_OBJC_ROOT_CLASS = YES_ERROR;
				CLANG_WARN_UNREACHABLE_CODE = YES;
				CLANG_WARN__DUPLICATE_METHOD_MATCH = YES;
				"CODE_SIGN_IDENTITY[sdk=iphoneos*]" = "iPhone Developer";
				COPY_PHASE_STRIP = NO;
				DEBUG_INFORMATION_FORMAT = "dwarf-with-dsym";
				ENABLE_STRICT_OBJC_MSGSEND = YES;
				GCC_C_LANGUAGE_STANDARD = gnu99;
				GCC_DYNAMIC_NO_PIC = NO;
				GCC_NO_COMMON_BLOCKS = YES;
				GCC_OPTIMIZATION_LEVEL = 0;
				GCC_PREPROCESSOR_DEFINITIONS = (
					"DEBUG=1",
					"$(inherited)",
				);
				GCC_SYMBOLS_PRIVATE_EXTERN = NO;
				GCC_WARN_64_TO_32_BIT_CONVERSION = YES;
				GCC_WARN_ABOUT_RETURN_TYPE = YES_ERROR;
				GCC_WARN_UNDECLARED_SELECTOR = YES;
				GCC_WARN_UNINITIALIZED_AUTOS = YES_AGGRESSIVE;
				GCC_WARN_UNUSED_FUNCTION = YES;
				GCC_WARN_UNUSED_VARIABLE = YES;
				IPHONEOS_DEPLOYMENT_TARGET = 8.3;
				MTL_ENABLE_DEBUG_INFO = YES;
				ONLY_ACTIVE_ARCH = YES;
				SDKROOT = iphoneos;
				SWIFT_OPTIMIZATION_LEVEL = "-Onone";
			};
			name = Debug;
		};
		F83F857D1B37A98D004910AC /* Release */ = {
			isa = XCBuildConfiguration;
			buildSettings = {
				ALWAYS_SEARCH_USER_PATHS = NO;
				CLANG_CXX_LANGUAGE_STANDARD = "gnu++0x";
				CLANG_CXX_LIBRARY = "libc++";
				CLANG_ENABLE_MODULES = YES;
				CLANG_ENABLE_OBJC_ARC = YES;
				CLANG_WARN_BOOL_CONVERSION = YES;
				CLANG_WARN_CONSTANT_CONVERSION = YES;
				CLANG_WARN_DIRECT_OBJC_ISA_USAGE = YES_ERROR;
				CLANG_WARN_EMPTY_BODY = YES;
				CLANG_WARN_ENUM_CONVERSION = YES;
				CLANG_WARN_INT_CONVERSION = YES;
				CLANG_WARN_OBJC_ROOT_CLASS = YES_ERROR;
				CLANG_WARN_UNREACHABLE_CODE = YES;
				CLANG_WARN__DUPLICATE_METHOD_MATCH = YES;
				"CODE_SIGN_IDENTITY[sdk=iphoneos*]" = "iPhone Developer";
				COPY_PHASE_STRIP = NO;
				DEBUG_INFORMATION_FORMAT = "dwarf-with-dsym";
				ENABLE_NS_ASSERTIONS = NO;
				ENABLE_STRICT_OBJC_MSGSEND = YES;
				GCC_C_LANGUAGE_STANDARD = gnu99;
				GCC_NO_COMMON_BLOCKS = YES;
				GCC_WARN_64_TO_32_BIT_CONVERSION = YES;
				GCC_WARN_ABOUT_RETURN_TYPE = YES_ERROR;
				GCC_WARN_UNDECLARED_SELECTOR = YES;
				GCC_WARN_UNINITIALIZED_AUTOS = YES_AGGRESSIVE;
				GCC_WARN_UNUSED_FUNCTION = YES;
				GCC_WARN_UNUSED_VARIABLE = YES;
				IPHONEOS_DEPLOYMENT_TARGET = 8.3;
				MTL_ENABLE_DEBUG_INFO = NO;
				SDKROOT = iphoneos;
				VALIDATE_PRODUCT = YES;
			};
			name = Release;
		};
		F83F857F1B37A98D004910AC /* Debug */ = {
			isa = XCBuildConfiguration;
			buildSettings = {
				ASSETCATALOG_COMPILER_APPICON_NAME = AppIcon;
				ASSETCATALOG_COMPILER_LAUNCHIMAGE_NAME = LaunchImage;
				INFOPLIST_FILE = SampleTwitterTransition/Info.plist;
				IPHONEOS_DEPLOYMENT_TARGET = 7.0;
				LD_RUNPATH_SEARCH_PATHS = "$(inherited) @executable_path/Frameworks";
				PRODUCT_NAME = "$(TARGET_NAME)";
			};
			name = Debug;
		};
		F83F85801B37A98D004910AC /* Release */ = {
			isa = XCBuildConfiguration;
			buildSettings = {
				ASSETCATALOG_COMPILER_APPICON_NAME = AppIcon;
				ASSETCATALOG_COMPILER_LAUNCHIMAGE_NAME = LaunchImage;
				INFOPLIST_FILE = SampleTwitterTransition/Info.plist;
				IPHONEOS_DEPLOYMENT_TARGET = 7.0;
				LD_RUNPATH_SEARCH_PATHS = "$(inherited) @executable_path/Frameworks";
				PRODUCT_NAME = "$(TARGET_NAME)";
			};
			name = Release;
		};
		F83F85821B37A98D004910AC /* Debug */ = {
			isa = XCBuildConfiguration;
			buildSettings = {
				BUNDLE_LOADER = "$(TEST_HOST)";
				FRAMEWORK_SEARCH_PATHS = (
					"$(SDKROOT)/Developer/Library/Frameworks",
					"$(inherited)",
				);
				GCC_PREPROCESSOR_DEFINITIONS = (
					"DEBUG=1",
					"$(inherited)",
				);
				INFOPLIST_FILE = SampleTwitterTransitionTests/Info.plist;
				LD_RUNPATH_SEARCH_PATHS = "$(inherited) @executable_path/Frameworks @loader_path/Frameworks";
				PRODUCT_NAME = "$(TARGET_NAME)";
				TEST_HOST = "$(BUILT_PRODUCTS_DIR)/SampleTwitterTransition.app/SampleTwitterTransition";
			};
			name = Debug;
		};
		F83F85831B37A98D004910AC /* Release */ = {
			isa = XCBuildConfiguration;
			buildSettings = {
				BUNDLE_LOADER = "$(TEST_HOST)";
				FRAMEWORK_SEARCH_PATHS = (
					"$(SDKROOT)/Developer/Library/Frameworks",
					"$(inherited)",
				);
				INFOPLIST_FILE = SampleTwitterTransitionTests/Info.plist;
				LD_RUNPATH_SEARCH_PATHS = "$(inherited) @executable_path/Frameworks @loader_path/Frameworks";
				PRODUCT_NAME = "$(TARGET_NAME)";
				TEST_HOST = "$(BUILT_PRODUCTS_DIR)/SampleTwitterTransition.app/SampleTwitterTransition";
			};
			name = Release;
		};
/* End XCBuildConfiguration section */

/* Begin XCConfigurationList section */
		F83F855A1B37A98D004910AC /* Build configuration list for PBXProject "SampleTwitterTransition" */ = {
			isa = XCConfigurationList;
			buildConfigurations = (
				F83F857C1B37A98D004910AC /* Debug */,
				F83F857D1B37A98D004910AC /* Release */,
			);
			defaultConfigurationIsVisible = 0;
			defaultConfigurationName = Release;
		};
		F83F857E1B37A98D004910AC /* Build configuration list for PBXNativeTarget "SampleTwitterTransition" */ = {
			isa = XCConfigurationList;
			buildConfigurations = (
				F83F857F1B37A98D004910AC /* Debug */,
				F83F85801B37A98D004910AC /* Release */,
			);
			defaultConfigurationIsVisible = 0;
		};
		F83F85811B37A98D004910AC /* Build configuration list for PBXNativeTarget "SampleTwitterTransitionTests" */ = {
			isa = XCConfigurationList;
			buildConfigurations = (
				F83F85821B37A98D004910AC /* Debug */,
				F83F85831B37A98D004910AC /* Release */,
			);
			defaultConfigurationIsVisible = 0;
		};
/* End XCConfigurationList section */
	};
	rootObject = F83F85571B37A98D004910AC /* Project object */;
}
